{
  "nodes": {
    "advisory-db": {
      "flake": false,
      "locked": {
        "lastModified": 1710515894,
        "narHash": "sha256-tmQ9TMCb2jZY3jYdf53qIberkYV3dnUzdAYYK/NB+No=",
        "owner": "rustsec",
        "repo": "advisory-db",
        "rev": "369d98c1b95b7b56d0859605916d7b81a7d1f1c4",
        "type": "github"
      },
      "original": {
        "owner": "rustsec",
        "repo": "advisory-db",
        "type": "github"
      }
    },
    "bellado": {
      "inputs": {
        "nixpkgs": "nixpkgs"
      },
      "locked": {
        "lastModified": 1702690530,
        "narHash": "sha256-evko1/qE4oRXTMdCOGuwJRUkRm7Sxb5MhQCTLgx5Z+4=",
        "owner": "isabelroses",
        "repo": "bellado",
        "rev": "8b9bb4e19b06a35acd8b2d39830c2751246ff189",
        "type": "github"
      },
      "original": {
        "owner": "isabelroses",
        "repo": "bellado",
        "type": "github"
      }
    },
    "cpu-microcodes": {
      "flake": false,
      "locked": {
        "lastModified": 1744580596,
        "narHash": "sha256-0WgBGViIPozInkjUZSUKyndN9ldZGtCKlUiiw8VAK3o=",
        "owner": "platomav",
        "repo": "CPUMicrocodes",
        "rev": "58897a4b77be3ebb17ee41c12002cd986d3da6ed",
        "type": "github"
      },
      "original": {
        "owner": "platomav",
        "repo": "CPUMicrocodes",
        "rev": "58897a4b77be3ebb17ee41c12002cd986d3da6ed",
        "type": "github"
      }
    },
    "crane": {
      "inputs": {
        "nixpkgs": [
          "nix-your-shell",
          "nixpkgs"
        ]
      },
      "locked": {
        "lastModified": 1710886643,
        "narHash": "sha256-saTZuv9YeZ9COHPuj8oedGdUwJZcbQ3vyRqe7NVJMsQ=",
        "owner": "ipetkov",
        "repo": "crane",
        "rev": "5bace74e9a65165c918205cf67ad3977fe79c584",
        "type": "github"
      },
      "original": {
        "owner": "ipetkov",
        "repo": "crane",
        "type": "github"
      }
    },
    "home-manager": {
      "inputs": {
        "nixpkgs": "nixpkgs_2"
      },
      "locked": {
        "lastModified": 1744637364,
        "narHash": "sha256-ZVINTNMJS6W3fqPYV549DSmjYQW5I9ceKBl83FwPP7k=",
        "owner": "nix-community",
        "repo": "home-manager",
        "rev": "337541447773985f825512afd0f9821a975186be",
        "type": "github"
      },
      "original": {
        "id": "home-manager",
        "type": "indirect"
      }
    },
    "home-manger": {
      "inputs": {
        "nixpkgs": [
          "nixpkgs"
        ]
      },
      "locked": {
        "lastModified": 1744117652,
        "narHash": "sha256-t7dFCDl4vIOOUMhEZnJF15aAzkpaup9x4ZRGToDFYWI=",
        "owner": "nix-community",
        "repo": "home-manager",
        "rev": "b4e98224ad1336751a2ac7493967a4c9f6d9cb3f",
        "type": "github"
      },
      "original": {
        "owner": "nix-community",
        "ref": "release-24.11",
        "repo": "home-manager",
        "type": "github"
      }
    },
    "nix-your-shell": {
      "inputs": {
        "advisory-db": "advisory-db",
        "crane": "crane",
        "nixpkgs": [
          "nixpkgs"
        ],
        "systems": "systems"
      },
      "locked": {
        "lastModified": 1744134530,
        "narHash": "sha256-NWgdXO6sQMQVnbvwSB+gBmMnU9s8ghx1ltGvOPec+qo=",
        "owner": "MercuryTechnologies",
        "repo": "nix-your-shell",
        "rev": "e66f4ece4687d4c0890ab5994bfef2826f68180c",
        "type": "github"
      },
      "original": {
        "owner": "MercuryTechnologies",
        "repo": "nix-your-shell",
        "type": "github"
      }
    },
    "nixpkgs": {
      "locked": {
        "lastModified": 1701263465,
        "narHash": "sha256-lNXUIlkfyDyp9Ox21hr+wsEf/IBklLvb6bYcyeXbdRc=",
        "owner": "NixOS",
        "repo": "nixpkgs",
        "rev": "50aa30a13c4ab5e7ba282da460a3e3d44e9d0eb3",
        "type": "github"
      },
      "original": {
        "owner": "NixOS",
        "ref": "nixos-23.11",
        "repo": "nixpkgs",
        "type": "github"
      }
    },
    "nixpkgs-gsr-ui": {
      "locked": {
        "lastModified": 1741023597,
        "narHash": "sha256-09HLLCoC6L8OEjy0mvA7F6agriHQQOGXYsOisE0b4g8=",
        "owner": "js6pak",
        "repo": "nixpkgs",
        "rev": "5c405e5de49ffe89bcdc5b43813b31383eef6f1c",
        "type": "github"
      },
      "original": {
        "owner": "js6pak",
        "ref": "gpu-screen-recorder-ui/init",
        "repo": "nixpkgs",
        "type": "github"
      }
    },
    "nixpkgs_2": {
      "locked": {
        "lastModified": 1744463964,
        "narHash": "sha256-LWqduOgLHCFxiTNYi3Uj5Lgz0SR+Xhw3kr/3Xd0GPTM=",
        "owner": "NixOS",
        "repo": "nixpkgs",
        "rev": "2631b0b7abcea6e640ce31cd78ea58910d31e650",
        "type": "github"
      },
      "original": {
        "owner": "NixOS",
        "ref": "nixos-unstable",
        "repo": "nixpkgs",
        "type": "github"
      }
    },
    "nixpkgs_3": {
      "locked": {
        "lastModified": 1744463964,
        "narHash": "sha256-LWqduOgLHCFxiTNYi3Uj5Lgz0SR+Xhw3kr/3Xd0GPTM=",
        "owner": "nixos",
        "repo": "nixpkgs",
        "rev": "2631b0b7abcea6e640ce31cd78ea58910d31e650",
        "type": "github"
      },
      "original": {
        "owner": "nixos",
        "ref": "nixos-unstable",
        "repo": "nixpkgs",
        "type": "github"
      }
    },
    "nixpkgs_4": {
      "locked": {
        "lastModified": 1744463964,
        "narHash": "sha256-LWqduOgLHCFxiTNYi3Uj5Lgz0SR+Xhw3kr/3Xd0GPTM=",
        "owner": "nixos",
        "repo": "nixpkgs",
        "rev": "2631b0b7abcea6e640ce31cd78ea58910d31e650",
        "type": "github"
      },
      "original": {
        "owner": "nixos",
        "ref": "nixos-unstable",
        "repo": "nixpkgs",
        "type": "github"
      }
    },
    "root": {
      "inputs": {
        "bellado": "bellado",
        "home-manager": "home-manager",
        "home-manger": "home-manger",
        "nix-your-shell": "nix-your-shell",
        "nixpkgs": "nixpkgs_3",
        "nixpkgs-gsr-ui": "nixpkgs-gsr-ui",
        "shadps4-git": "shadps4-git",
        "ucodenix": "ucodenix",
        "unstable-nixpkgs": "unstable-nixpkgs"
      }
    },
    "shadps4-git": {
      "inputs": {
        "nixpkgs": "nixpkgs_4"
      },
      "locked": {
        "path": "./programs/shadps4",
        "type": "path"
      },
      "original": {
        "path": "./programs/shadps4",
        "type": "path"
      },
      "parent": []
    },
    "systems": {
      "locked": {
        "lastModified": 1681028828,
        "narHash": "sha256-Vy1rq5AaRuLzOxct8nz4T6wlgyUR7zLU309k9mBC768=",
        "owner": "nix-systems",
        "repo": "default",
        "rev": "da67096a3b9bf56a91d16901293e51ba5b49a27e",
        "type": "github"
      },
      "original": {
        "owner": "nix-systems",
        "repo": "default",
        "type": "github"
      }
    },
    "ucodenix": {
      "inputs": {
        "cpu-microcodes": "cpu-microcodes"
      },
      "locked": {
        "lastModified": 1744630518,
        "narHash": "sha256-xRbcLC6AVjB8etaw1T9MEywqjuRWeZZu5Ee8RU3q4R0=",
        "owner": "e-tho",
        "repo": "ucodenix",
        "rev": "b26e195f4272306f6bd30445bb73657449a1f574",
        "type": "github"
      },
      "original": {
        "owner": "e-tho",
        "repo": "ucodenix",
        "type": "github"
      }
    },
    "unstable-nixpkgs": {
      "locked": {
        "lastModified": 1744463964,
        "narHash": "sha256-LWqduOgLHCFxiTNYi3Uj5Lgz0SR+Xhw3kr/3Xd0GPTM=",
        "owner": "nixos",
        "repo": "nixpkgs",
        "rev": "2631b0b7abcea6e640ce31cd78ea58910d31e650",
        "type": "github"
      },
      "original": {
        "owner": "nixos",
        "ref": "nixos-unstable",
        "repo": "nixpkgs",
        "type": "github"
      }
    }
  },
  "root": "root",
  "version": 7
}
